
Microsoft Visual Studio Solution File, Format Version 12.00
# Visual Studio 15
VisualStudioVersion = 15.0.28010.2003
MinimumVisualStudioVersion = 10.0.40219.1
Project("{FAE04EC0-301F-11D3-BF4B-00C04F79EFBC}") = "Login", "Login\Login.csproj", "{7D4B2E5B-31CA-48C5-8841-AB4946005321}"
EndProject
Project("{2150E333-8FDC-42A3-9474-1A3956D46DE8}") = "Solution Items", "Solution Items", "{D7E73FE8-A4E8-40EF-91CD-A9CAE31ED1F5}"
	ProjectSection(SolutionItems) = preProject
		README.txt = README.txt
	EndProjectSection
EndProject
Global
	GlobalSection(SolutionConfigurationPlatforms) = preSolution
		Debug|Any CPU = Debug|Any CPU
		Release|Any CPU = Release|Any CPU
	EndGlobalSection
	GlobalSection(ProjectConfigurationPlatforms) = postSolution
		{7D4B2E5B-31CA-48C5-8841-AB4946005321}.Debug|Any CPU.ActiveCfg = Debug|Any CPU
		{7D4B2E5B-31CA-48C5-8841-AB4946005321}.Debug|Any CPU.Build.0 = Debug|Any CPU
		{7D4B2E5B-31CA-48C5-8841-AB4946005321}.Release|Any CPU.ActiveCfg = Release|Any CPU
		{7D4B2E5B-31CA-48C5-8841-AB4946005321}.Release|Any CPU.Build.0 = Release|Any CPU
	EndGlobalSection
	GlobalSection(SolutionProperties) = preSolution
		HideSolutionNode = FALSE
	EndGlobalSection
	GlobalSection(ExtensibilityGlobals) = postSolution
		SolutionGuid = {F3328043-9321-489D-97A2-8B44ED2A885D}
	EndGlobalSection
EndGlobal
